
Microsoft Visual Studio Solution File, Format Version 12.00
# Visual Studio Version 17
VisualStudioVersion = 17.5.33516.290
MinimumVisualStudioVersion = 10.0.40219.1
Project("{FAE04EC0-301F-11D3-BF4B-00C04F79EFBC}") = "KeyNastle", "KeyNastle.csproj", "{D5C7FC53-EF52-41F8-9345-4271125C97DF}"
EndProject
Global
	GlobalSection(SolutionConfigurationPlatforms) = preSolution
		Debug|Any CPU = Debug|Any CPU
		Release|Any CPU = Release|Any CPU
	EndGlobalSection
	GlobalSection(ProjectConfigurationPlatforms) = postSolution
		{D5C7FC53-EF52-41F8-9345-4271125C97DF}.Debug|Any CPU.ActiveCfg = Debug|Any CPU
		{D5C7FC53-EF52-41F8-9345-4271125C97DF}.Debug|Any CPU.Build.0 = Debug|Any CPU
		{D5C7FC53-EF52-41F8-9345-4271125C97DF}.Release|Any CPU.ActiveCfg = Release|Any CPU
		{D5C7FC53-EF52-41F8-9345-4271125C97DF}.Release|Any CPU.Build.0 = Release|Any CPU
	EndGlobalSection
	GlobalSection(SolutionProperties) = preSolution
		HideSolutionNode = FALSE
	EndGlobalSection
	GlobalSection(ExtensibilityGlobals) = postSolution
		SolutionGuid = {928AD806-613C-425E-BE7F-327A86AB46A9}
	EndGlobalSection
EndGlobal
